{
  "nodes": {
    "aagl": {
      "inputs": {
        "flake-compat": "flake-compat",
        "nixpkgs": [
          "nixpkgs"
        ],
        "rust-overlay": "rust-overlay"
      },
      "locked": {
        "lastModified": 1772290697,
        "narHash": "sha256-MyLNx13P+pv1RszO1rMd3144NEeU/oU4iL+xOTpRoaU=",
        "rev": "dcb53a4cb4cb09ef7f08328428ba559be5b9f01b",
        "type": "tarball",
        "url": "https://git.ixhby.dev/api/v1/repos/mirrors/aagl-gtk-on-nix/archive/dcb53a4cb4cb09ef7f08328428ba559be5b9f01b.tar.gz?rev=dcb53a4cb4cb09ef7f08328428ba559be5b9f01b"
      },
      "original": {
        "type": "tarball",
        "url": "https://git.ixhby.dev/mirrors/aagl-gtk-on-nix/archive/main.tar.gz"
      }
    },
    "anyrun": {
      "inputs": {
        "anyrun-provider": "anyrun-provider",
        "flake-parts": "flake-parts",
        "nixpkgs": [
          "nixpkgs"
        ],
        "systems": "systems"
      },
      "locked": {
        "lastModified": 1771833858,
        "narHash": "sha256-hUn2PLI/7Q8bZbLbbaT5lDyeoBKxY+QO3NEEGzhxB5w=",
        "rev": "a289cd0827fcf3b575f3425af8c9fcace660536b",
        "type": "tarball",
        "url": "https://git.ixhby.dev/api/v1/repos/mirrors/anyrun/archive/a289cd0827fcf3b575f3425af8c9fcace660536b.tar.gz?rev=a289cd0827fcf3b575f3425af8c9fcace660536b"
      },
      "original": {
        "type": "tarball",
        "url": "https://git.ixhby.dev/mirrors/anyrun/archive/master.tar.gz"
      }
    },
    "anyrun-nixos-options": {
      "inputs": {
        "flake-parts": "flake-parts_2",
        "nixpkgs": [
          "nixpkgs"
        ]
      },
      "locked": {
        "lastModified": 1704902043,
        "narHash": "sha256-YL5ANmzWJAe3IhsuqTccxZIdkQX0tYt9dt9oNw0QwAY=",
        "owner": "n3oney",
        "repo": "anyrun-nixos-options",
        "rev": "aed824957538e65dc3bea414aadbe5e2de611f49",
        "type": "github"
      },
      "original": {
        "owner": "n3oney",
        "repo": "anyrun-nixos-options",
        "type": "github"
      }
    },
    "anyrun-provider": {
      "inputs": {
        "nixpkgs": [
          "anyrun",
          "nixpkgs"
        ]
      },
      "locked": {
        "lastModified": 1764705714,
        "narHash": "sha256-4rN2vWicM6Pn6eTo3Nu7IB5isbkc9u4arNMnY2+S8iM=",
        "owner": "anyrun-org",
        "repo": "anyrun-provider",
        "rev": "88a786e6029733a4c02c2c6b1024f65029b0b9cf",
        "type": "github"
      },
      "original": {
        "owner": "anyrun-org",
        "repo": "anyrun-provider",
        "type": "github"
      }
    },
    "avalanche": {
      "inputs": {
        "nixpkgs": [
          "nixocaine",
          "nam-shub-of-enki",
          "nixpkgs"
        ],
        "nixpkgs-2505": "nixpkgs-2505",
        "pre-commit-hooks": [
          "nixocaine",
          "nam-shub-of-enki",
          "pre-commit-hooks"
        ],
        "systems": "systems_10",
        "treefmt-nix": [
          "nixocaine",
          "nam-shub-of-enki",
          "treefmt-nix"
        ]
      },
      "locked": {
        "lastModified": 1765198317,
        "narHash": "sha256-IQoB7lK8cJzWG3hEZrPe0Zoa8/1LRwcgTSoX9mpr20E=",
        "ref": "refs/heads/main",
        "rev": "01af515b690125cb0b636a86ab95cace3c0cc8c6",
        "revCount": 160,
        "type": "git",
        "url": "https://git.madhouse-project.org/algernon/avalanche.git"
      },
      "original": {
        "type": "git",
        "url": "https://git.madhouse-project.org/algernon/avalanche.git"
      }
    },
    "catppuccin": {
      "inputs": {
        "nixpkgs": "nixpkgs_2"
      },
      "locked": {
        "lastModified": 1772757591,
        "narHash": "sha256-+DyPJcUBXOVu1YiM0mYkEtqYIB9RR0k22NoCaJJ7K2g=",
        "rev": "4910a6461a3c4d7ffa56feb4aa4945f3e953f8ec",
        "type": "tarball",
        "url": "https://git.ixhby.dev/api/v1/repos/mirrors/catppuccin-nix/archive/4910a6461a3c4d7ffa56feb4aa4945f3e953f8ec.tar.gz?rev=4910a6461a3c4d7ffa56feb4aa4945f3e953f8ec"
      },
      "original": {
        "type": "tarball",
        "url": "https://git.ixhby.dev/mirrors/catppuccin-nix/archive/main.tar.gz"
      }
    },
    "clock-lantern": {
      "inputs": {
        "flake-utils": "flake-utils",
        "nixpkgs": [
          "nixpkgs"
        ],
        "systems": "systems_2"
      },
      "locked": {
        "lastModified": 1747168224,
        "narHash": "sha256-EU56VlLPbkPRpMO7+PTHkoejdER2cRo1nyYb5ATqj/Q=",
        "rev": "0c3e9e08a01b6dc6ef0d8a69395ce297fadcca9a",
        "type": "tarball",
        "url": "https://git.ixhby.dev/api/v1/repos/ixhbinphoenix/clock-o-lantern/archive/0c3e9e08a01b6dc6ef0d8a69395ce297fadcca9a.tar.gz?rev=0c3e9e08a01b6dc6ef0d8a69395ce297fadcca9a"
      },
      "original": {
        "type": "tarball",
        "url": "https://git.ixhby.dev/ixhbinphoenix/clock-o-lantern/archive/root.tar.gz"
      }
    },
    "copyparty": {
      "inputs": {
        "flake-utils": "flake-utils_2",
        "nixpkgs": [
          "nixpkgs"
        ]
      },
      "locked": {
        "lastModified": 1772605780,
        "narHash": "sha256-p7IzkFmB1kCtl16+bvLKP1hdP61EFQxj+VSKX2lOWgE=",
        "rev": "00e821db231d143169236971b50b85b9c9edd298",
        "type": "tarball",
        "url": "https://git.ixhby.dev/api/v1/repos/mirrors/copyparty/archive/00e821db231d143169236971b50b85b9c9edd298.tar.gz?rev=00e821db231d143169236971b50b85b9c9edd298"
      },
      "original": {
        "type": "tarball",
        "url": "https://git.ixhby.dev/mirrors/copyparty/archive/hovudstraum.tar.gz"
      }
    },
    "deploy-rs": {
      "inputs": {
        "flake-compat": "flake-compat_2",
        "nixpkgs": [
          "nixpkgs"
        ],
        "utils": "utils"
      },
      "locked": {
        "lastModified": 1770019181,
        "narHash": "sha256-hwsYgDnby50JNVpTRYlF3UR/Rrpt01OrxVuryF40CFY=",
        "rev": "77c906c0ba56aabdbc72041bf9111b565cdd6171",
        "type": "tarball",
        "url": "https://git.ixhby.dev/api/v1/repos/mirrors/deploy-rs/archive/77c906c0ba56aabdbc72041bf9111b565cdd6171.tar.gz?rev=77c906c0ba56aabdbc72041bf9111b565cdd6171"
      },
      "original": {
        "type": "tarball",
        "url": "https://git.ixhby.dev/mirrors/deploy-rs/archive/master.tar.gz"
      }
    },
    "flake-compat": {
      "flake": false,
      "locked": {
        "lastModified": 1767039857,
        "narHash": "sha256-vNpUSpF5Nuw8xvDLj2KCwwksIbjua2LZCqhV1LNRDns=",
        "owner": "edolstra",
        "repo": "flake-compat",
        "rev": "5edf11c44bc78a0d334f6334cdaf7d60d732daab",
        "type": "github"
      },
      "original": {
        "owner": "edolstra",
        "repo": "flake-compat",
        "type": "github"
      }
    },
    "flake-compat_2": {
      "flake": false,
      "locked": {
        "lastModified": 1733328505,
        "narHash": "sha256-NeCCThCEP3eCl2l/+27kNNK7QrwZB1IJCrXfrbv5oqU=",
        "owner": "edolstra",
        "repo": "flake-compat",
        "rev": "ff81ac966bb2cae68946d5ed5fc4994f96d0ffec",
        "type": "github"
      },
      "original": {
        "owner": "edolstra",
        "repo": "flake-compat",
        "type": "github"
      }
    },
    "flake-compat_3": {
      "flake": false,
      "locked": {
        "lastModified": 1747046372,
        "narHash": "sha256-CIVLLkVgvHYbgI2UpXvIIBJ12HWgX+fjA8Xf8PUmqCY=",
        "owner": "edolstra",
        "repo": "flake-compat",
        "rev": "9100a0f413b0c601e0533d1d94ffd501ce2e7885",
        "type": "github"
      },
      "original": {
        "owner": "edolstra",
        "repo": "flake-compat",
        "type": "github"
      }
    },
    "flake-compat_4": {
      "flake": false,
      "locked": {
        "lastModified": 1761588595,
        "narHash": "sha256-XKUZz9zewJNUj46b4AJdiRZJAvSZ0Dqj2BNfXvFlJC4=",
        "owner": "edolstra",
        "repo": "flake-compat",
        "rev": "f387cd2afec9419c8ee37694406ca490c3f34ee5",
        "type": "github"
      },
      "original": {
        "owner": "edolstra",
        "repo": "flake-compat",
        "type": "github"
      }
    },
    "flake-parts": {
      "inputs": {
        "nixpkgs-lib": [
          "anyrun",
          "nixpkgs"
        ]
      },
      "locked": {
        "lastModified": 1763759067,
        "narHash": "sha256-LlLt2Jo/gMNYAwOgdRQBrsRoOz7BPRkzvNaI/fzXi2Q=",
        "owner": "hercules-ci",
        "repo": "flake-parts",
        "rev": "2cccadc7357c0ba201788ae99c4dfa90728ef5e0",
        "type": "github"
      },
      "original": {
        "owner": "hercules-ci",
        "repo": "flake-parts",
        "type": "github"
      }
    },
    "flake-parts_2": {
      "inputs": {
        "nixpkgs-lib": "nixpkgs-lib"
      },
      "locked": {
        "lastModified": 1690933134,
        "narHash": "sha256-ab989mN63fQZBFrkk4Q8bYxQCktuHmBIBqUG1jl6/FQ=",
        "owner": "hercules-ci",
        "repo": "flake-parts",
        "rev": "59cf3f1447cfc75087e7273b04b31e689a8599fb",
        "type": "github"
      },
      "original": {
        "owner": "hercules-ci",
        "repo": "flake-parts",
        "type": "github"
      }
    },
    "flake-parts_3": {
      "inputs": {
        "nixpkgs-lib": [
          "nixvim",
          "nixpkgs"
        ]
      },
      "locked": {
        "lastModified": 1769996383,
        "narHash": "sha256-AnYjnFWgS49RlqX7LrC4uA+sCCDBj0Ry/WOJ5XWAsa0=",
        "owner": "hercules-ci",
        "repo": "flake-parts",
        "rev": "57928607ea566b5db3ad13af0e57e921e6b12381",
        "type": "github"
      },
      "original": {
        "owner": "hercules-ci",
        "repo": "flake-parts",
        "type": "github"
      }
    },
    "flake-parts_4": {
      "inputs": {
        "nixpkgs-lib": [
          "nur",
          "nixpkgs"
        ]
      },
      "locked": {
        "lastModified": 1733312601,
        "narHash": "sha256-4pDvzqnegAfRkPwO3wmwBhVi/Sye1mzps0zHWYnP88c=",
        "owner": "hercules-ci",
        "repo": "flake-parts",
        "rev": "205b12d8b7cd4802fbcb8e8ef6a0f1408781a4f9",
        "type": "github"
      },
      "original": {
        "owner": "hercules-ci",
        "repo": "flake-parts",
        "type": "github"
      }
    },
    "flake-utils": {
      "inputs": {
        "systems": [
          "clock-lantern",
          "systems"
        ]
      },
      "locked": {
        "lastModified": 1731533236,
        "narHash": "sha256-l0KFg5HjrsfsO/JpG+r7fRrqm12kzFHyUHqHCVpMMbI=",
        "owner": "numtide",
        "repo": "flake-utils",
        "rev": "11707dc2f618dd54ca8739b309ec4fc024de578b",
        "type": "github"
      },
      "original": {
        "owner": "numtide",
        "repo": "flake-utils",
        "type": "github"
      }
    },
    "flake-utils_2": {
      "locked": {
        "lastModified": 1678901627,
        "narHash": "sha256-U02riOqrKKzwjsxc/400XnElV+UtPUQWpANPlyazjH0=",
        "owner": "numtide",
        "repo": "flake-utils",
        "rev": "93a2b84fc4b70d9e089d029deacc3583435c2ed6",
        "type": "github"
      },
      "original": {
        "owner": "numtide",
        "repo": "flake-utils",
        "type": "github"
      }
    },
    "flake-utils_3": {
      "inputs": {
        "systems": [
          "garnix-dev",
          "systems"
        ]
      },
      "locked": {
        "lastModified": 1731533236,
        "narHash": "sha256-l0KFg5HjrsfsO/JpG+r7fRrqm12kzFHyUHqHCVpMMbI=",
        "owner": "numtide",
        "repo": "flake-utils",
        "rev": "11707dc2f618dd54ca8739b309ec4fc024de578b",
        "type": "github"
      },
      "original": {
        "owner": "numtide",
        "repo": "flake-utils",
        "type": "github"
      }
    },
    "flake-utils_4": {
      "inputs": {
        "systems": "systems_6"
      },
      "locked": {
        "lastModified": 1731533236,
        "narHash": "sha256-l0KFg5HjrsfsO/JpG+r7fRrqm12kzFHyUHqHCVpMMbI=",
        "owner": "numtide",
        "repo": "flake-utils",
        "rev": "11707dc2f618dd54ca8739b309ec4fc024de578b",
        "type": "github"
      },
      "original": {
        "owner": "numtide",
        "repo": "flake-utils",
        "type": "github"
      }
    },
    "flake-utils_5": {
      "inputs": {
        "systems": "systems_7"
      },
      "locked": {
        "lastModified": 1731533236,
        "narHash": "sha256-l0KFg5HjrsfsO/JpG+r7fRrqm12kzFHyUHqHCVpMMbI=",
        "owner": "numtide",
        "repo": "flake-utils",
        "rev": "11707dc2f618dd54ca8739b309ec4fc024de578b",
        "type": "github"
      },
      "original": {
        "owner": "numtide",
        "repo": "flake-utils",
        "type": "github"
      }
    },
    "flake-utils_6": {
      "inputs": {
        "systems": "systems_13"
      },
      "locked": {
        "lastModified": 1726560853,
        "narHash": "sha256-X6rJYSESBVr3hBoH0WbKE5KvhPU5bloyZ2L4K60/fPQ=",
        "owner": "numtide",
        "repo": "flake-utils",
        "rev": "c1dfcf08411b08f6b8615f7d8971a2bfa81d5e8a",
        "type": "github"
      },
      "original": {
        "owner": "numtide",
        "repo": "flake-utils",
        "type": "github"
      }
    },
    "flakey-profile": {
      "locked": {
        "lastModified": 1712898590,
        "narHash": "sha256-FhGIEU93VHAChKEXx905TSiPZKga69bWl1VB37FK//I=",
        "owner": "lf-",
        "repo": "flakey-profile",
        "rev": "243c903fd8eadc0f63d205665a92d4df91d42d9d",
        "type": "github"
      },
      "original": {
        "owner": "lf-",
        "repo": "flakey-profile",
        "type": "github"
      }
    },
    "flockenzeit": {
      "locked": {
        "lastModified": 1671185345,
        "narHash": "sha256-+5IWi+iJAYcRxvLN15hKO2hVwNokfN3U+lvWf/zFtCg=",
        "owner": "balsoft",
        "repo": "Flockenzeit",
        "rev": "90abba65671690d95b5d28ce6dd8de7959aa1339",
        "type": "github"
      },
      "original": {
        "owner": "balsoft",
        "repo": "Flockenzeit",
        "type": "github"
      }
    },
    "garnix-dev": {
      "inputs": {
        "flake-utils": "flake-utils_3",
        "flockenzeit": "flockenzeit",
        "garnix-highlighter": "garnix-highlighter",
        "nixpkgs": [
          "nixpkgs"
        ],
        "systems": "systems_5"
      },
      "locked": {
        "lastModified": 1751068713,
        "narHash": "sha256-SB+hk3Kk+IKEgnJH6qwSvLt1bkypVEQKNZeEdO6Gakg=",
        "rev": "408249803549a7d340e008d34e01c9e70598ce30",
        "type": "tarball",
        "url": "https://git.ixhby.dev/api/v1/repos/ixhbinphoenix/garnix.dev/archive/408249803549a7d340e008d34e01c9e70598ce30.tar.gz?rev=408249803549a7d340e008d34e01c9e70598ce30"
      },
      "original": {
        "type": "tarball",
        "url": "https://git.ixhby.dev/ixhbinphoenix/garnix.dev/archive/master.tar.gz"
      }
    },
    "garnix-highlighter": {
      "inputs": {
        "flake-utils": [
          "garnix-dev",
          "flake-utils"
        ],
        "nixpkgs": [
          "garnix-dev",
          "nixpkgs"
        ],
        "systems": "systems_4"
      },
      "locked": {
        "lastModified": 1745103513,
        "narHash": "sha256-VV6Ns2SpzZbnagX+ueB6WY6AzuXFOL4yV66hp3qtrCA=",
        "rev": "c53ccd73d96e464cc16afef79defdc047c6f08f7",
        "type": "tarball",
        "url": "https://git.ixhby.dev/api/v1/repos/ixhbinphoenix/garnix-highlighter/archive/c53ccd73d96e464cc16afef79defdc047c6f08f7.tar.gz?rev=c53ccd73d96e464cc16afef79defdc047c6f08f7"
      },
      "original": {
        "type": "tarball",
        "url": "https://git.ixhby.dev/ixhbinphoenix/garnix-highlighter/archive/root.tar.gz"
      }
    },
    "gitignore": {
      "inputs": {
        "nixpkgs": [
          "nixocaine",
          "pre-commit-hooks",
          "nixpkgs"
        ]
      },
      "locked": {
        "lastModified": 1709087332,
        "narHash": "sha256-HG2cCnktfHsKV0s4XW83gU3F57gaTljL9KNSuG6bnQs=",
        "owner": "hercules-ci",
        "repo": "gitignore.nix",
        "rev": "637db329424fd7e46cf4185293b9cc8c88c95394",
        "type": "github"
      },
      "original": {
        "owner": "hercules-ci",
        "repo": "gitignore.nix",
        "type": "github"
      }
    },
    "gleachring": {
      "inputs": {
        "flake-utils": "flake-utils_4",
        "nixpkgs": [
          "nixpkgs"
        ]
      },
      "locked": {
        "lastModified": 1742135646,
        "narHash": "sha256-Jj+cn6wiz7XiKL6ff7y+Jt5JtRjI8xnMOfOtT/r1kMA=",
        "rev": "3d6ddeb239e3fe8e4112a22d5d72b2a8537a62c9",
        "type": "tarball",
        "url": "https://git.ixhby.dev/api/v1/repos/ixhbinphoenix/gleachring/archive/3d6ddeb239e3fe8e4112a22d5d72b2a8537a62c9.tar.gz?rev=3d6ddeb239e3fe8e4112a22d5d72b2a8537a62c9"
      },
      "original": {
        "type": "tarball",
        "url": "https://git.ixhby.dev/ixhbinphoenix/gleachring/archive/root.tar.gz"
      }
    },
    "home-manager": {
      "inputs": {
        "nixpkgs": [
          "nixpkgs"
        ]
      },
      "locked": {
        "lastModified": 1772807318,
        "narHash": "sha256-Qjw6ILt8cb2HQQpCmWNLMZZ63wEo1KjTQt+1BcQBr7k=",
        "rev": "daa2c221320809f5514edde74d0ad0193ad54ed8",
        "type": "tarball",
        "url": "https://git.ixhby.dev/api/v1/repos/mirrors/home-manager/archive/daa2c221320809f5514edde74d0ad0193ad54ed8.tar.gz?rev=daa2c221320809f5514edde74d0ad0193ad54ed8"
      },
      "original": {
        "type": "tarball",
        "url": "https://git.ixhby.dev/mirrors/home-manager/archive/master.tar.gz"
      }
    },
    "iocaine-unstable": {
      "inputs": {
        "nixpkgs": [
          "nixocaine",
          "nixpkgs"
        ],
        "pre-commit-hooks": [
          "nixocaine",
          "pre-commit-hooks"
        ],
        "systems": "systems_9",
        "treefmt-nix": [
          "nixocaine",
          "treefmt-nix"
        ]
      },
      "locked": {
        "lastModified": 1772314087,
        "narHash": "sha256-lMT2BlAQPxTBr2kLvCaqmQuOcJGwK+u67gyJmJ9JQZ0=",
        "rev": "ff6fb05f916db3c5c95d4f6a3c036de379c6c87f",
        "type": "tarball",
        "url": "https://git.madhouse-project.org/api/v1/repos/iocaine/iocaine/archive/ff6fb05f916db3c5c95d4f6a3c036de379c6c87f.tar.gz?rev=ff6fb05f916db3c5c95d4f6a3c036de379c6c87f"
      },
      "original": {
        "type": "tarball",
        "url": "https://git.madhouse-project.org/iocaine/iocaine/archive/main.tar.gz"
      }
    },
    "lix": {
      "flake": false,
      "locked": {
        "lastModified": 1772747032,
        "narHash": "sha256-2Ihirq4pydorp/oCuiN4rY1q+SCQ0uzcegPriSe4WFQ=",
        "rev": "c914b9fc53e1838b6cabb3d73c188f5b2fe9cf45",
        "type": "tarball",
        "url": "https://git.ixhby.dev/api/v1/repos/mirrors/lix/archive/c914b9fc53e1838b6cabb3d73c188f5b2fe9cf45.tar.gz?rev=c914b9fc53e1838b6cabb3d73c188f5b2fe9cf45"
      },
      "original": {
        "type": "tarball",
        "url": "https://git.ixhby.dev/mirrors/lix/archive/main.tar.gz"
      }
    },
    "lix-module": {
      "inputs": {
        "flake-utils": "flake-utils_5",
        "flakey-profile": "flakey-profile",
        "lix": [
          "lix"
        ],
        "nixpkgs": [
          "nixpkgs"
        ]
      },
      "locked": {
        "lastModified": 1767364176,
        "narHash": "sha256-l6YdEBYQxXjD8ujqvc0tKdwWc3K8UQOi+E4Y3DKQ318=",
        "rev": "1688100bba140492658d597f6b307c327f35c780",
        "type": "tarball",
        "url": "https://git.ixhby.dev/api/v1/repos/mirrors/lixos-module/archive/1688100bba140492658d597f6b307c327f35c780.tar.gz?rev=1688100bba140492658d597f6b307c327f35c780"
      },
      "original": {
        "type": "tarball",
        "url": "https://git.ixhby.dev/mirrors/lixos-module/archive/main.tar.gz"
      }
    },
    "nam-shub-of-enki": {
      "inputs": {
        "avalanche": "avalanche",
        "iocaine": [
          "nixocaine",
          "iocaine-unstable"
        ],
        "nixpkgs": [
          "nixocaine",
          "nixpkgs"
        ],
        "pre-commit-hooks": [
          "nixocaine",
          "pre-commit-hooks"
        ],
        "treefmt-nix": [
          "nixocaine",
          "treefmt-nix"
        ]
      },
      "locked": {
        "lastModified": 1772333343,
        "narHash": "sha256-lf/WuD1JfBleCxCVg5dXaV3YK/9KasdK9tyWGsP7cFQ=",
        "rev": "b592b51b2bbf23f6eb40c8a62e6d713cbf1b9927",
        "type": "tarball",
        "url": "https://git.madhouse-project.org/api/v1/repos/iocaine/nam-shub-of-enki/archive/b592b51b2bbf23f6eb40c8a62e6d713cbf1b9927.tar.gz?rev=b592b51b2bbf23f6eb40c8a62e6d713cbf1b9927"
      },
      "original": {
        "type": "tarball",
        "url": "https://git.madhouse-project.org/iocaine/nam-shub-of-enki/archive/main.tar.gz"
      }
    },
    "niri": {
      "inputs": {
        "niri-stable": "niri-stable",
        "niri-unstable": "niri-unstable",
        "nixpkgs": [
          "nixpkgs"
        ],
        "nixpkgs-stable": "nixpkgs-stable",
        "xwayland-satellite-stable": "xwayland-satellite-stable",
        "xwayland-satellite-unstable": "xwayland-satellite-unstable"
      },
      "locked": {
        "lastModified": 1772698812,
        "narHash": "sha256-7+K/VaZ7TXUeUGSYshg8wC3UsRZHB+M4x6r38Q1B79c=",
        "rev": "5641625ef950f024e3e0e3f38bb91f876290c0be",
        "type": "tarball",
        "url": "https://git.ixhby.dev/api/v1/repos/mirrors/niri-flake/archive/5641625ef950f024e3e0e3f38bb91f876290c0be.tar.gz?rev=5641625ef950f024e3e0e3f38bb91f876290c0be"
      },
      "original": {
        "type": "tarball",
        "url": "https://git.ixhby.dev/mirrors/niri-flake/archive/main.tar.gz"
      }
    },
    "niri-stable": {
      "flake": false,
      "locked": {
        "lastModified": 1756556321,
        "narHash": "sha256-RLD89dfjN0RVO86C/Mot0T7aduCygPGaYbog566F0Qo=",
        "owner": "YaLTeR",
        "repo": "niri",
        "rev": "01be0e65f4eb91a9cd624ac0b76aaeab765c7294",
        "type": "github"
      },
      "original": {
        "owner": "YaLTeR",
        "ref": "v25.08",
        "repo": "niri",
        "type": "github"
      }
    },
    "niri-unstable": {
      "flake": false,
      "locked": {
        "lastModified": 1772207631,
        "narHash": "sha256-Jkkg+KqshFO3CbTszVVpkKN2AOObYz+wMsM3ONo1z5g=",
        "owner": "YaLTeR",
        "repo": "niri",
        "rev": "e708f546153f74acf33eb183b3b2992587a701e5",
        "type": "github"
      },
      "original": {
        "owner": "YaLTeR",
        "repo": "niri",
        "type": "github"
      }
    },
    "nix-minecraft": {
      "inputs": {
        "flake-compat": "flake-compat_3",
        "nixpkgs": [
          "nixpkgs"
        ],
        "systems": "systems_8"
      },
      "locked": {
        "lastModified": 1772592046,
        "narHash": "sha256-+Lyl+mGVd0t2nlR6ODK/gvUHzMtF5qLlbTK+x5tCenU=",
        "rev": "483abf9ad6aeac1d61f2a5419ded2879f0c4795e",
        "type": "tarball",
        "url": "https://git.ixhby.dev/api/v1/repos/mirrors/nix-minecraft/archive/483abf9ad6aeac1d61f2a5419ded2879f0c4795e.tar.gz?rev=483abf9ad6aeac1d61f2a5419ded2879f0c4795e"
      },
      "original": {
        "type": "tarball",
        "url": "https://git.ixhby.dev/mirrors/nix-minecraft/archive/master.tar.gz"
      }
    },
    "nixocaine": {
      "inputs": {
        "iocaine-unstable": "iocaine-unstable",
        "nam-shub-of-enki": "nam-shub-of-enki",
        "nixpkgs": [
          "nixpkgs"
        ],
        "pre-commit-hooks": "pre-commit-hooks",
        "systems": "systems_11",
        "treefmt-nix": "treefmt-nix"
      },
      "locked": {
        "lastModified": 1772333805,
        "narHash": "sha256-xqhHUBK6V8oxtctEUjsvq32l2wfovIOuSpkPT2uOnL4=",
        "rev": "aba6d5f21d2c4dd1e8753ea429dbbc2e905ec359",
        "type": "tarball",
        "url": "https://git.ixhby.dev/api/v1/repos/mirrors/nixocaine/archive/aba6d5f21d2c4dd1e8753ea429dbbc2e905ec359.tar.gz?rev=aba6d5f21d2c4dd1e8753ea429dbbc2e905ec359"
      },
      "original": {
        "type": "tarball",
        "url": "https://git.ixhby.dev/mirrors/nixocaine/archive/main.tar.gz"
      }
    },
    "nixos-hardware": {
      "locked": {
        "lastModified": 1771969195,
        "narHash": "sha256-qwcDBtrRvJbrrnv1lf/pREQi8t2hWZxVAyeMo7/E9sw=",
        "rev": "41c6b421bdc301b2624486e11905c9af7b8ec68e",
        "type": "tarball",
        "url": "https://git.ixhby.dev/api/v1/repos/mirrors/nixos-hardware/archive/41c6b421bdc301b2624486e11905c9af7b8ec68e.tar.gz?rev=41c6b421bdc301b2624486e11905c9af7b8ec68e"
      },
      "original": {
        "type": "tarball",
        "url": "https://git.ixhby.dev/mirrors/nixos-hardware/archive/master.tar.gz"
      }
    },
    "nixpkgs": {
      "locked": {
        "lastModified": 1744536153,
        "narHash": "sha256-awS2zRgF4uTwrOKwwiJcByDzDOdo3Q1rPZbiHQg/N38=",
        "owner": "NixOS",
        "repo": "nixpkgs",
        "rev": "18dd725c29603f582cf1900e0d25f9f1063dbf11",
        "type": "github"
      },
      "original": {
        "owner": "NixOS",
        "ref": "nixpkgs-unstable",
        "repo": "nixpkgs",
        "type": "github"
      }
    },
    "nixpkgs-2505": {
      "locked": {
        "lastModified": 1764939437,
        "narHash": "sha256-4TLFHUwXraw9Df5mXC/vCrJgb50CRr3CzUzF0Mn3CII=",
        "owner": "NixOS",
        "repo": "nixpkgs",
        "rev": "00d2457e2f608b4be6fe8b470b0a36816324b0ae",
        "type": "github"
      },
      "original": {
        "owner": "NixOS",
        "ref": "nixos-25.05",
        "repo": "nixpkgs",
        "type": "github"
      }
    },
    "nixpkgs-lib": {
      "locked": {
        "dir": "lib",
        "lastModified": 1690881714,
        "narHash": "sha256-h/nXluEqdiQHs1oSgkOOWF+j8gcJMWhwnZ9PFabN6q0=",
        "owner": "NixOS",
        "repo": "nixpkgs",
        "rev": "9e1960bc196baf6881340d53dccb203a951745a2",
        "type": "github"
      },
      "original": {
        "dir": "lib",
        "owner": "NixOS",
        "ref": "nixos-unstable",
        "repo": "nixpkgs",
        "type": "github"
      }
    },
    "nixpkgs-stable": {
      "locked": {
        "lastModified": 1772598333,
        "narHash": "sha256-YaHht/C35INEX3DeJQNWjNaTcPjYmBwwjFJ2jdtr+5U=",
        "owner": "NixOS",
        "repo": "nixpkgs",
        "rev": "fabb8c9deee281e50b1065002c9828f2cf7b2239",
        "type": "github"
      },
      "original": {
        "owner": "NixOS",
        "ref": "nixos-25.11",
        "repo": "nixpkgs",
        "type": "github"
      }
    },
    "nixpkgs_2": {
      "locked": {
        "lastModified": 1772624091,
        "narHash": "sha256-QKyJ0QGWBn6r0invrMAK8dmJoBYWoOWy7lN+UHzW1jc=",
        "owner": "NixOS",
        "repo": "nixpkgs",
        "rev": "80bdc1e5ce51f56b19791b52b2901187931f5353",
        "type": "github"
      },
      "original": {
        "owner": "NixOS",
        "ref": "nixos-unstable",
        "repo": "nixpkgs",
        "type": "github"
      }
    },
    "nixpkgs_3": {
      "locked": {
        "lastModified": 1772624091,
        "narHash": "sha256-QKyJ0QGWBn6r0invrMAK8dmJoBYWoOWy7lN+UHzW1jc=",
        "rev": "80bdc1e5ce51f56b19791b52b2901187931f5353",
        "type": "tarball",
        "url": "https://git.ixhby.dev/api/v1/repos/mirrors/nixpkgs/archive/80bdc1e5ce51f56b19791b52b2901187931f5353.tar.gz?rev=80bdc1e5ce51f56b19791b52b2901187931f5353"
      },
      "original": {
        "type": "tarball",
        "url": "https://git.ixhby.dev/mirrors/nixpkgs/archive/nixos-unstable.tar.gz"
      }
    },
    "nixpkgs_4": {
      "locked": {
        "lastModified": 1770380644,
        "narHash": "sha256-P7dWMHRUWG5m4G+06jDyThXO7kwSk46C1kgjEWcybkE=",
        "owner": "NixOS",
        "repo": "nixpkgs",
        "rev": "ae67888ff7ef9dff69b3cf0cc0fbfbcd3a722abe",
        "type": "github"
      },
      "original": {
        "owner": "NixOS",
        "ref": "nixpkgs-unstable",
        "repo": "nixpkgs",
        "type": "github"
      }
    },
    "nixpkgs_5": {
      "locked": {
        "lastModified": 1772624091,
        "narHash": "sha256-QKyJ0QGWBn6r0invrMAK8dmJoBYWoOWy7lN+UHzW1jc=",
        "owner": "nixos",
        "repo": "nixpkgs",
        "rev": "80bdc1e5ce51f56b19791b52b2901187931f5353",
        "type": "github"
      },
      "original": {
        "owner": "nixos",
        "ref": "nixos-unstable",
        "repo": "nixpkgs",
        "type": "github"
      }
    },
    "nixvim": {
      "inputs": {
        "flake-parts": "flake-parts_3",
        "nixpkgs": "nixpkgs_4",
        "systems": "systems_12"
      },
      "locked": {
        "lastModified": 1772402258,
        "narHash": "sha256-3DmCFOdmbkFML1/G9gj8Wb+rCCZFPOQtNoMCpqOF8SA=",
        "rev": "21ae25e13b01d3b4cdc750b5f9e7bad68b150c10",
        "type": "tarball",
        "url": "https://git.ixhby.dev/api/v1/repos/mirrors/nixvim/archive/21ae25e13b01d3b4cdc750b5f9e7bad68b150c10.tar.gz?rev=21ae25e13b01d3b4cdc750b5f9e7bad68b150c10"
      },
      "original": {
        "type": "tarball",
        "url": "https://git.ixhby.dev/mirrors/nixvim/archive/main.tar.gz"
      }
    },
    "nur": {
      "inputs": {
        "flake-parts": "flake-parts_4",
        "nixpkgs": "nixpkgs_5"
      },
      "locked": {
        "lastModified": 1772816741,
        "narHash": "sha256-wYkxbiIWZVstBQGpZXQE9+pDtbW7CU8FCL8tee/3eSI=",
        "rev": "0a838f1c2f9359821f6c117e111593838b3bbd52",
        "type": "tarball",
        "url": "https://git.ixhby.dev/api/v1/repos/mirrors/NUR/archive/0a838f1c2f9359821f6c117e111593838b3bbd52.tar.gz?rev=0a838f1c2f9359821f6c117e111593838b3bbd52"
      },
      "original": {
        "type": "tarball",
        "url": "https://git.ixhby.dev/mirrors/NUR/archive/main.tar.gz"
      }
    },
    "pre-commit-hooks": {
      "inputs": {
        "flake-compat": "flake-compat_4",
        "gitignore": "gitignore",
        "nixpkgs": [
          "nixocaine",
          "nixpkgs"
        ]
      },
      "locked": {
        "lastModified": 1765911976,
        "narHash": "sha256-t3T/xm8zstHRLx+pIHxVpQTiySbKqcQbK+r+01XVKc0=",
        "owner": "cachix",
        "repo": "pre-commit-hooks.nix",
        "rev": "b68b780b69702a090c8bb1b973bab13756cc7a27",
        "type": "github"
      },
      "original": {
        "owner": "cachix",
        "repo": "pre-commit-hooks.nix",
        "type": "github"
      }
    },
    "root": {
      "inputs": {
        "aagl": "aagl",
        "anyrun": "anyrun",
        "anyrun-nixos-options": "anyrun-nixos-options",
        "catppuccin": "catppuccin",
        "clock-lantern": "clock-lantern",
        "copyparty": "copyparty",
        "deploy-rs": "deploy-rs",
        "garnix-dev": "garnix-dev",
        "gleachring": "gleachring",
        "home-manager": "home-manager",
        "lix": "lix",
        "lix-module": "lix-module",
        "niri": "niri",
        "nix-minecraft": "nix-minecraft",
        "nixocaine": "nixocaine",
        "nixos-hardware": "nixos-hardware",
        "nixpkgs": "nixpkgs_3",
        "nixvim": "nixvim",
        "nur": "nur",
        "sops-nix": "sops-nix",
        "usc": "usc"
      }
    },
    "rust-overlay": {
      "inputs": {
        "nixpkgs": "nixpkgs"
      },
      "locked": {
        "lastModified": 1770952264,
        "narHash": "sha256-CjymNrJZWBtpavyuTkfPVPaZkwzIzGaf0E/3WgcwM14=",
        "owner": "oxalica",
        "repo": "rust-overlay",
        "rev": "ec6a3d5cdf14bb5a1dd03652bd3f6351004d2188",
        "type": "github"
      },
      "original": {
        "owner": "oxalica",
        "repo": "rust-overlay",
        "type": "github"
      }
    },
    "sops-nix": {
      "inputs": {
        "nixpkgs": [
          "nixpkgs"
        ]
      },
      "locked": {
        "lastModified": 1772495394,
        "narHash": "sha256-hmIvE/slLKEFKNEJz27IZ8BKlAaZDcjIHmkZ7GCEjfw=",
        "rev": "1d9b98a29a45abe9c4d3174bd36de9f28755e3ff",
        "type": "tarball",
        "url": "https://git.ixhby.dev/api/v1/repos/mirrors/sops-nix/archive/1d9b98a29a45abe9c4d3174bd36de9f28755e3ff.tar.gz?rev=1d9b98a29a45abe9c4d3174bd36de9f28755e3ff"
      },
      "original": {
        "type": "tarball",
        "url": "https://git.ixhby.dev/mirrors/sops-nix/archive/master.tar.gz"
      }
    },
    "systems": {
      "locked": {
        "lastModified": 1689347949,
        "narHash": "sha256-12tWmuL2zgBgZkdoB6qXZsgJEH9LR3oUgpaQq2RbI80=",
        "owner": "nix-systems",
        "repo": "default-linux",
        "rev": "31732fcf5e8fea42e59c2488ad31a0e651500f68",
        "type": "github"
      },
      "original": {
        "owner": "nix-systems",
        "repo": "default-linux",
        "type": "github"
      }
    },
    "systems_10": {
      "locked": {
        "lastModified": 1681028828,
        "narHash": "sha256-Vy1rq5AaRuLzOxct8nz4T6wlgyUR7zLU309k9mBC768=",
        "owner": "nix-systems",
        "repo": "default",
        "rev": "da67096a3b9bf56a91d16901293e51ba5b49a27e",
        "type": "github"
      },
      "original": {
        "id": "systems",
        "type": "indirect"
      }
    },
    "systems_11": {
      "locked": {
        "lastModified": 1681028828,
        "narHash": "sha256-Vy1rq5AaRuLzOxct8nz4T6wlgyUR7zLU309k9mBC768=",
        "owner": "nix-systems",
        "repo": "default",
        "rev": "da67096a3b9bf56a91d16901293e51ba5b49a27e",
        "type": "github"
      },
      "original": {
        "id": "systems",
        "type": "indirect"
      }
    },
    "systems_12": {
      "locked": {
        "lastModified": 1681028828,
        "narHash": "sha256-Vy1rq5AaRuLzOxct8nz4T6wlgyUR7zLU309k9mBC768=",
        "owner": "nix-systems",
        "repo": "default",
        "rev": "da67096a3b9bf56a91d16901293e51ba5b49a27e",
        "type": "github"
      },
      "original": {
        "owner": "nix-systems",
        "repo": "default",
        "type": "github"
      }
    },
    "systems_13": {
      "locked": {
        "lastModified": 1681028828,
        "narHash": "sha256-Vy1rq5AaRuLzOxct8nz4T6wlgyUR7zLU309k9mBC768=",
        "owner": "nix-systems",
        "repo": "default",
        "rev": "da67096a3b9bf56a91d16901293e51ba5b49a27e",
        "type": "github"
      },
      "original": {
        "owner": "nix-systems",
        "repo": "default",
        "type": "github"
      }
    },
    "systems_2": {
      "locked": {
        "lastModified": 1681028828,
        "narHash": "sha256-Vy1rq5AaRuLzOxct8nz4T6wlgyUR7zLU309k9mBC768=",
        "owner": "nix-systems",
        "repo": "default",
        "rev": "da67096a3b9bf56a91d16901293e51ba5b49a27e",
        "type": "github"
      },
      "original": {
        "owner": "nix-systems",
        "repo": "default",
        "type": "github"
      }
    },
    "systems_3": {
      "locked": {
        "lastModified": 1681028828,
        "narHash": "sha256-Vy1rq5AaRuLzOxct8nz4T6wlgyUR7zLU309k9mBC768=",
        "owner": "nix-systems",
        "repo": "default",
        "rev": "da67096a3b9bf56a91d16901293e51ba5b49a27e",
        "type": "github"
      },
      "original": {
        "owner": "nix-systems",
        "repo": "default",
        "type": "github"
      }
    },
    "systems_4": {
      "locked": {
        "lastModified": 1681028828,
        "narHash": "sha256-Vy1rq5AaRuLzOxct8nz4T6wlgyUR7zLU309k9mBC768=",
        "owner": "nix-systems",
        "repo": "default",
        "rev": "da67096a3b9bf56a91d16901293e51ba5b49a27e",
        "type": "github"
      },
      "original": {
        "owner": "nix-systems",
        "repo": "default",
        "type": "github"
      }
    },
    "systems_5": {
      "locked": {
        "lastModified": 1681028828,
        "narHash": "sha256-Vy1rq5AaRuLzOxct8nz4T6wlgyUR7zLU309k9mBC768=",
        "owner": "nix-systems",
        "repo": "default",
        "rev": "da67096a3b9bf56a91d16901293e51ba5b49a27e",
        "type": "github"
      },
      "original": {
        "owner": "nix-systems",
        "repo": "default",
        "type": "github"
      }
    },
    "systems_6": {
      "locked": {
        "lastModified": 1681028828,
        "narHash": "sha256-Vy1rq5AaRuLzOxct8nz4T6wlgyUR7zLU309k9mBC768=",
        "owner": "nix-systems",
        "repo": "default",
        "rev": "da67096a3b9bf56a91d16901293e51ba5b49a27e",
        "type": "github"
      },
      "original": {
        "owner": "nix-systems",
        "repo": "default",
        "type": "github"
      }
    },
    "systems_7": {
      "locked": {
        "lastModified": 1681028828,
        "narHash": "sha256-Vy1rq5AaRuLzOxct8nz4T6wlgyUR7zLU309k9mBC768=",
        "owner": "nix-systems",
        "repo": "default",
        "rev": "da67096a3b9bf56a91d16901293e51ba5b49a27e",
        "type": "github"
      },
      "original": {
        "owner": "nix-systems",
        "repo": "default",
        "type": "github"
      }
    },
    "systems_8": {
      "locked": {
        "lastModified": 1681028828,
        "narHash": "sha256-Vy1rq5AaRuLzOxct8nz4T6wlgyUR7zLU309k9mBC768=",
        "owner": "nix-systems",
        "repo": "default",
        "rev": "da67096a3b9bf56a91d16901293e51ba5b49a27e",
        "type": "github"
      },
      "original": {
        "owner": "nix-systems",
        "repo": "default",
        "type": "github"
      }
    },
    "systems_9": {
      "locked": {
        "lastModified": 1681028828,
        "narHash": "sha256-Vy1rq5AaRuLzOxct8nz4T6wlgyUR7zLU309k9mBC768=",
        "owner": "nix-systems",
        "repo": "default",
        "rev": "da67096a3b9bf56a91d16901293e51ba5b49a27e",
        "type": "github"
      },
      "original": {
        "id": "systems",
        "type": "indirect"
      }
    },
    "treefmt-nix": {
      "inputs": {
        "nixpkgs": [
          "nixocaine",
          "nixpkgs"
        ]
      },
      "locked": {
        "lastModified": 1766000401,
        "narHash": "sha256-+cqN4PJz9y0JQXfAK5J1drd0U05D5fcAGhzhfVrDlsI=",
        "owner": "numtide",
        "repo": "treefmt-nix",
        "rev": "42d96e75aa56a3f70cab7e7dc4a32868db28e8fd",
        "type": "github"
      },
      "original": {
        "owner": "numtide",
        "repo": "treefmt-nix",
        "type": "github"
      }
    },
    "usc": {
      "inputs": {
        "flake-utils": "flake-utils_6",
        "nixpkgs": [
          "nixpkgs"
        ]
      },
      "locked": {
        "lastModified": 1731362766,
        "narHash": "sha256-vyVg1xuPr0pDQRU4wb3ZAqkKPNPhS4EA4x6wwaJ1elw=",
        "rev": "501114ec023f47459cafdc5cb22e4001c0153046",
        "type": "tarball",
        "url": "https://git.ixhby.dev/api/v1/repos/ixhbinphoenix/usc-flake/archive/501114ec023f47459cafdc5cb22e4001c0153046.tar.gz?rev=501114ec023f47459cafdc5cb22e4001c0153046"
      },
      "original": {
        "type": "tarball",
        "url": "https://git.ixhby.dev/ixhbinphoenix/usc-flake/archive/root.tar.gz"
      }
    },
    "utils": {
      "inputs": {
        "systems": "systems_3"
      },
      "locked": {
        "lastModified": 1731533236,
        "narHash": "sha256-l0KFg5HjrsfsO/JpG+r7fRrqm12kzFHyUHqHCVpMMbI=",
        "owner": "numtide",
        "repo": "flake-utils",
        "rev": "11707dc2f618dd54ca8739b309ec4fc024de578b",
        "type": "github"
      },
      "original": {
        "owner": "numtide",
        "repo": "flake-utils",
        "type": "github"
      }
    },
    "xwayland-satellite-stable": {
      "flake": false,
      "locked": {
        "lastModified": 1755491097,
        "narHash": "sha256-m+9tUfsmBeF2Gn4HWa6vSITZ4Gz1eA1F5Kh62B0N4oE=",
        "owner": "Supreeeme",
        "repo": "xwayland-satellite",
        "rev": "388d291e82ffbc73be18169d39470f340707edaa",
        "type": "github"
      },
      "original": {
        "owner": "Supreeeme",
        "ref": "v0.7",
        "repo": "xwayland-satellite",
        "type": "github"
      }
    },
    "xwayland-satellite-unstable": {
      "flake": false,
      "locked": {
        "lastModified": 1772429643,
        "narHash": "sha256-M+bAeCCcjBnVk6w/4dIVvXvpJwOKnXjwi/lDbaN6Yws=",
        "owner": "Supreeeme",
        "repo": "xwayland-satellite",
        "rev": "10f985b84cdbcc3bbf35b3e7e43d1b2a84fa9ce2",
        "type": "github"
      },
      "original": {
        "owner": "Supreeeme",
        "repo": "xwayland-satellite",
        "type": "github"
      }
    }
  },
  "root": "root",
  "version": 7
}
